// !$*UTF8*$!
{
	archiveVersion = 1;
	classes = {
	};
	objectVersion = 46;
	objects = {

/* Begin PBXBuildFile section */
		79545F421A7A096A005A9973 /* Makefile in Sources */ = {isa = PBXBuildFile; fileRef = 79545F411A7A096A005A9973 /* Makefile */; };
		795A72BF1A79B05C00EF5685 /* readfile.c in Sources */ = {isa = PBXBuildFile; fileRef = 795A72BD1A79B05C00EF5685 /* readfile.c */; };
		798A13941A774E48001225A9 /* main.c in Sources */ = {isa = PBXBuildFile; fileRef = 798A13931A774E48001225A9 /* main.c */; };
		798A139D1A775DCF001225A9 /* tweets.c in Sources */ = {isa = PBXBuildFile; fileRef = 798A139B1A775DCF001225A9 /* tweets.c */; };
/* End PBXBuildFile section */

/* Begin PBXCopyFilesBuildPhase section */
		798A138E1A774E48001225A9 /* CopyFiles */ = {
			isa = PBXCopyFilesBuildPhase;
			buildActionMask = 2147483647;
			dstPath = /usr/share/man/man1/;
			dstSubfolderSpec = 0;
			files = (
			);
			runOnlyForDeploymentPostprocessing = 1;
		};
/* End PBXCopyFilesBuildPhase section */

/* Begin PBXFileReference section */
		79545F411A7A096A005A9973 /* Makefile */ = {isa = PBXFileReference; fileEncoding = 4; lastKnownFileType = sourcecode.make; path = Makefile; sourceTree = "<group>"; };
		795A72BD1A79B05C00EF5685 /* readfile.c */ = {isa = PBXFileReference; fileEncoding = 4; lastKnownFileType = sourcecode.c.c; path = readfile.c; sourceTree = "<group>"; };
		795A72BE1A79B05C00EF5685 /* readfile.h */ = {isa = PBXFileReference; fileEncoding = 4; lastKnownFileType = sourcecode.c.h; path = readfile.h; sourceTree = "<group>"; };
		798A13901A774E48001225A9 /* Hashtables */ = {isa = PBXFileReference; explicitFileType = "compiled.mach-o.executable"; includeInIndex = 0; path = Hashtables; sourceTree = BUILT_PRODUCTS_DIR; };
		798A13931A774E48001225A9 /* main.c */ = {isa = PBXFileReference; lastKnownFileType = sourcecode.c.c; path = main.c; sourceTree = "<group>"; };
		798A139B1A775DCF001225A9 /* tweets.c */ = {isa = PBXFileReference; fileEncoding = 4; lastKnownFileType = sourcecode.c.c; path = tweets.c; sourceTree = "<group>"; };
		798A139C1A775DCF001225A9 /* tweets.h */ = {isa = PBXFileReference; fileEncoding = 4; lastKnownFileType = sourcecode.c.h; path = tweets.h; sourceTree = "<group>"; };
/* End PBXFileReference section */

/* Begin PBXFrameworksBuildPhase section */
		798A138D1A774E48001225A9 /* Frameworks */ = {
			isa = PBXFrameworksBuildPhase;
			buildActionMask = 2147483647;
			files = (
			);
			runOnlyForDeploymentPostprocessing = 0;
		};
/* End PBXFrameworksBuildPhase section */

/* Begin PBXGroup section */
		798A13871A774E48001225A9 = {
			isa = PBXGroup;
			children = (
				798A13921A774E48001225A9 /* Hashtables */,
				798A13911A774E48001225A9 /* Products */,
			);
			sourceTree = "<group>";
		};
		798A13911A774E48001225A9 /* Products */ = {
			isa = PBXGroup;
			children = (
				798A13901A774E48001225A9 /* Hashtables */,
			);
			name = Products;
			sourceTree = "<group>";
		};
		798A13921A774E48001225A9 /* Hashtables */ = {
			isa = PBXGroup;
			children = (
				798A139B1A775DCF001225A9 /* tweets.c */,
				798A139C1A775DCF001225A9 /* tweets.h */,
				798A13931A774E48001225A9 /* main.c */,
				79545F411A7A096A005A9973 /* Makefile */,
				795A72BD1A79B05C00EF5685 /* readfile.c */,
				795A72BE1A79B05C00EF5685 /* readfile.h */,
			);
			path = Hashtables;
			sourceTree = "<group>";
		};
/* End PBXGroup section */

/* Begin PBXNativeTarget section */
		798A138F1A774E48001225A9 /* Hashtables */ = {
			isa = PBXNativeTarget;
			buildConfigurationList = 798A13971A774E48001225A9 /* Build configuration list for PBXNativeTarget "Hashtables" */;
			buildPhases = (
				798A138C1A774E48001225A9 /* Sources */,
				798A138D1A774E48001225A9 /* Frameworks */,
				798A138E1A774E48001225A9 /* CopyFiles */,
			);
			buildRules = (
			);
			dependencies = (
			);
			name = Hashtables;
			productName = Hashtables;
			productReference = 798A13901A774E48001225A9 /* Hashtables */;
			productType = "com.apple.product-type.tool";
		};
/* End PBXNativeTarget section */

/* Begin PBXProject section */
		798A13881A774E48001225A9 /* Project object */ = {
			isa = PBXProject;
			attributes = {
				LastUpgradeCheck = 0610;
				ORGANIZATIONNAME = "Richard Hong";
				TargetAttributes = {
					798A138F1A774E48001225A9 = {
						CreatedOnToolsVersion = 6.1.1;
					};
				};
			};
			buildConfigurationList = 798A138B1A774E48001225A9 /* Build configuration list for PBXProject "Hashtables" */;
			compatibilityVersion = "Xcode 3.2";
			developmentRegion = English;
			hasScannedForEncodings = 0;
			knownRegions = (
				en,
			);
			mainGroup = 798A13871A774E48001225A9;
			productRefGroup = 798A13911A774E48001225A9 /* Products */;
			projectDirPath = "";
			projectRoot = "";
			targets = (
				798A138F1A774E48001225A9 /* Hashtables */,
			);
		};
/* End PBXProject section */

/* Begin PBXSourcesBuildPhase section */
		798A138C1A774E48001225A9 /* Sources */ = {
			isa = PBXSourcesBuildPhase;
			buildActionMask = 2147483647;
			files = (
				795A72BF1A79B05C00EF5685 /* readfile.c in Sources */,
				798A139D1A775DCF001225A9 /* tweets.c in Sources */,
				79545F421A7A096A005A9973 /* Makefile in Sources */,
				798A13941A774E48001225A9 /* main.c in Sources */,
			);
			runOnlyForDeploymentPostprocessing = 0;
		};
/* End PBXSourcesBuildPhase section */

/* Begin XCBuildConfiguration section */
		798A13951A774E48001225A9 /* Debug */ = {
			isa = XCBuildConfiguration;
			buildSettings = {
				ALWAYS_SEARCH_USER_PATHS = NO;
				CLANG_CXX_LANGUAGE_STANDARD = "gnu++0x";
				CLANG_CXX_LIBRARY = "libc++";
				CLANG_ENABLE_MODULES = YES;
				CLANG_ENABLE_OBJC_ARC = YES;
				CLANG_WARN_BOOL_CONVERSION = YES;
				CLANG_WARN_CONSTANT_CONVERSION = YES;
				CLANG_WARN_DIRECT_OBJC_ISA_USAGE = YES_ERROR;
				CLANG_WARN_EMPTY_BODY = YES;
				CLANG_WARN_ENUM_CONVERSION = YES;
				CLANG_WARN_INT_CONVERSION = YES;
				CLANG_WARN_OBJC_ROOT_CLASS = YES_ERROR;
				CLANG_WARN_UNREACHABLE_CODE = YES;
				CLANG_WARN__DUPLICATE_METHOD_MATCH = YES;
				COPY_PHASE_STRIP = NO;
				ENABLE_STRICT_OBJC_MSGSEND = YES;
				GCC_C_LANGUAGE_STANDARD = gnu99;
				GCC_DYNAMIC_NO_PIC = NO;
				GCC_OPTIMIZATION_LEVEL = 0;
				GCC_PREPROCESSOR_DEFINITIONS = (
					"DEBUG=1",
					"$(inherited)",
				);
				GCC_SYMBOLS_PRIVATE_EXTERN = NO;
				GCC_WARN_64_TO_32_BIT_CONVERSION = YES;
				GCC_WARN_ABOUT_RETURN_TYPE = YES_ERROR;
				GCC_WARN_UNDECLARED_SELECTOR = YES;
				GCC_WARN_UNINITIALIZED_AUTOS = YES_AGGRESSIVE;
				GCC_WARN_UNUSED_FUNCTION = YES;
				GCC_WARN_UNUSED_VARIABLE = YES;
				MACOSX_DEPLOYMENT_TARGET = 10.10;
				MTL_ENABLE_DEBUG_INFO = YES;
				ONLY_ACTIVE_ARCH = YES;
				SDKROOT = macosx;
			};
			name = Debug;
		};
		798A13961A774E48001225A9 /* Release */ = {
			isa = XCBuildConfiguration;
			buildSettings = {
				ALWAYS_SEARCH_USER_PATHS = NO;
				CLANG_CXX_LANGUAGE_STANDARD = "gnu++0x";
				CLANG_CXX_LIBRARY = "libc++";
				CLANG_ENABLE_MODULES = YES;
				CLANG_ENABLE_OBJC_ARC = YES;
				CLANG_WARN_BOOL_CONVERSION = YES;
				CLANG_WARN_CONSTANT_CONVERSION = YES;
				CLANG_WARN_DIRECT_OBJC_ISA_USAGE = YES_ERROR;
				CLANG_WARN_EMPTY_BODY = YES;
				CLANG_WARN_ENUM_CONVERSION = YES;
				CLANG_WARN_INT_CONVERSION = YES;
				CLANG_WARN_OBJC_ROOT_CLASS = YES_ERROR;
				CLANG_WARN_UNREACHABLE_CODE = YES;
				CLANG_WARN__DUPLICATE_METHOD_MATCH = YES;
				COPY_PHASE_STRIP = YES;
				DEBUG_INFORMATION_FORMAT = "dwarf-with-dsym";
				ENABLE_NS_ASSERTIONS = NO;
				ENABLE_STRICT_OBJC_MSGSEND = YES;
				GCC_C_LANGUAGE_STANDARD = gnu99;
				GCC_WARN_64_TO_32_BIT_CONVERSION = YES;
				GCC_WARN_ABOUT_RETURN_TYPE = YES_ERROR;
				GCC_WARN_UNDECLARED_SELECTOR = YES;
				GCC_WARN_UNINITIALIZED_AUTOS = YES_AGGRESSIVE;
				GCC_WARN_UNUSED_FUNCTION = YES;
				GCC_WARN_UNUSED_VARIABLE = YES;
				MACOSX_DEPLOYMENT_TARGET = 10.10;
				MTL_ENABLE_DEBUG_INFO = NO;
				SDKROOT = macosx;
			};
			name = Release;
		};
		798A13981A774E48001225A9 /* Debug */ = {
			isa = XCBuildConfiguration;
			buildSettings = {
				PRODUCT_NAME = "$(TARGET_NAME)";
			};
			name = Debug;
		};
		798A13991A774E48001225A9 /* Release */ = {
			isa = XCBuildConfiguration;
			buildSettings = {
				PRODUCT_NAME = "$(TARGET_NAME)";
			};
			name = Release;
		};
/* End XCBuildConfiguration section */

/* Begin XCConfigurationList section */
		798A138B1A774E48001225A9 /* Build configuration list for PBXProject "Hashtables" */ = {
			isa = XCConfigurationList;
			buildConfigurations = (
				798A13951A774E48001225A9 /* Debug */,
				798A13961A774E48001225A9 /* Release */,
			);
			defaultConfigurationIsVisible = 0;
			defaultConfigurationName = Release;
		};
		798A13971A774E48001225A9 /* Build configuration list for PBXNativeTarget "Hashtables" */ = {
			isa = XCConfigurationList;
			buildConfigurations = (
				798A13981A774E48001225A9 /* Debug */,
				798A13991A774E48001225A9 /* Release */,
			);
			defaultConfigurationIsVisible = 0;
			defaultConfigurationName = Release;
		};
/* End XCConfigurationList section */
	};
	rootObject = 798A13881A774E48001225A9 /* Project object */;
}
